
Microsoft Visual Studio Solution File, Format Version 12.00
# Visual Studio Version 17
VisualStudioVersion = 17.2.32616.157
MinimumVisualStudioVersion = 10.0.40219.1
Project("{FAE04EC0-301F-11D3-BF4B-00C04F79EFBC}") = "AppLogin.Android", "AppLogin\AppLogin.Android\AppLogin.Android.csproj", "{6F7C05D0-03BE-43D3-80C0-B139FC8CB5FD}"
EndProject
Project("{FAE04EC0-301F-11D3-BF4B-00C04F79EFBC}") = "AppLogin", "AppLogin\AppLogin\AppLogin.csproj", "{7A719783-E413-4A00-8988-9AB621773B09}"
EndProject
Global
	GlobalSection(SolutionConfigurationPlatforms) = preSolution
		Debug|Any CPU = Debug|Any CPU
		Release|Any CPU = Release|Any CPU
	EndGlobalSection
	GlobalSection(ProjectConfigurationPlatforms) = postSolution
		{6F7C05D0-03BE-43D3-80C0-B139FC8CB5FD}.Debug|Any CPU.ActiveCfg = Debug|Any CPU
		{6F7C05D0-03BE-43D3-80C0-B139FC8CB5FD}.Debug|Any CPU.Build.0 = Debug|Any CPU
		{6F7C05D0-03BE-43D3-80C0-B139FC8CB5FD}.Debug|Any CPU.Deploy.0 = Debug|Any CPU
		{6F7C05D0-03BE-43D3-80C0-B139FC8CB5FD}.Release|Any CPU.ActiveCfg = Release|Any CPU
		{6F7C05D0-03BE-43D3-80C0-B139FC8CB5FD}.Release|Any CPU.Build.0 = Release|Any CPU
		{6F7C05D0-03BE-43D3-80C0-B139FC8CB5FD}.Release|Any CPU.Deploy.0 = Release|Any CPU
		{7A719783-E413-4A00-8988-9AB621773B09}.Debug|Any CPU.ActiveCfg = Debug|Any CPU
		{7A719783-E413-4A00-8988-9AB621773B09}.Debug|Any CPU.Build.0 = Debug|Any CPU
		{7A719783-E413-4A00-8988-9AB621773B09}.Debug|Any CPU.Deploy.0 = Debug|Any CPU
		{7A719783-E413-4A00-8988-9AB621773B09}.Release|Any CPU.ActiveCfg = Release|Any CPU
		{7A719783-E413-4A00-8988-9AB621773B09}.Release|Any CPU.Build.0 = Release|Any CPU
		{7A719783-E413-4A00-8988-9AB621773B09}.Release|Any CPU.Deploy.0 = Release|Any CPU
	EndGlobalSection
	GlobalSection(SolutionProperties) = preSolution
		HideSolutionNode = FALSE
	EndGlobalSection
	GlobalSection(ExtensibilityGlobals) = postSolution
		SolutionGuid = {EF3D8926-3768-4BAD-BD13-8D1BDBACFA00}
	EndGlobalSection
EndGlobal
